
Microsoft Visual Studio Solution File, Format Version 12.00
# Visual Studio Version 17
VisualStudioVersion = 17.11.35303.130
MinimumVisualStudioVersion = 10.0.40219.1
Project("{2150E333-8FDC-42A3-9474-1A3956D46DE8}") = "Task7", "Task7", "{D6A7E36B-451E-47AC-BF4A-03C49409A623}"
EndProject
Project("{9A19103F-16F7-4668-BE54-9A1E7A4F7556}") = "Tyuiu.KozachokNA.Sprint4.Task7.V6", "Tyuiu.KozachokNA.Sprint4.Task7.V6\Tyuiu.KozachokNA.Sprint4.Task7.V6.csproj", "{BFFE595D-9679-4DB2-96C1-765903BA6014}"
EndProject
Project("{2150E333-8FDC-42A3-9474-1A3956D46DE8}") = "Task0", "Task0", "{95882350-701C-471C-9361-A514DE0AE09F}"
EndProject
Project("{9A19103F-16F7-4668-BE54-9A1E7A4F7556}") = "Tyuiu.KozachokNA.Sprint4.Task0.V28", "Tyuiu.KozachokNA.Sprint4.Task0.V28\Tyuiu.KozachokNA.Sprint4.Task0.V28.csproj", "{057D3F7F-0347-4974-8305-0372EC97297A}"
EndProject
Project("{2150E333-8FDC-42A3-9474-1A3956D46DE8}") = "Task1", "Task1", "{14ECD582-F562-42C0-A23E-8B7E37797A39}"
EndProject
Project("{9A19103F-16F7-4668-BE54-9A1E7A4F7556}") = "Tyuiu.KozachokNA.Sprint4.Task1.V7", "Tyuiu.KozachokNA.Sprint4.Task1.V7\Tyuiu.KozachokNA.Sprint4.Task1.V7.csproj", "{5858ADDF-F92D-4FFF-B47D-2F8C22E136E8}"
EndProject
Project("{2150E333-8FDC-42A3-9474-1A3956D46DE8}") = "Task2", "Task2", "{7DF60725-1BAE-40E1-88BF-4DAF97E944BF}"
EndProject
Project("{9A19103F-16F7-4668-BE54-9A1E7A4F7556}") = "Tyuiu.KozachokNA.Sprint4.Task2.V11", "Tyuiu.KozachokNA.Sprint4.Task2.V11\Tyuiu.KozachokNA.Sprint4.Task2.V11.csproj", "{243EBBA5-C10E-4CA1-83D1-956AB12B1669}"
EndProject
Project("{9A19103F-16F7-4668-BE54-9A1E7A4F7556}") = "Tyuiu.KozachokNA.Sprint4.Task3.V26", "Tyuiu.KozachokNA.Sprint4.Task3.V26\Tyuiu.KozachokNA.Sprint4.Task3.V26.csproj", "{84704F4B-9730-46D4-8752-0DF9C5CABF07}"
EndProject
Project("{2150E333-8FDC-42A3-9474-1A3956D46DE8}") = "Task3", "Task3", "{F0296753-2570-4E14-AA47-22EE83D66E8A}"
EndProject
Project("{2150E333-8FDC-42A3-9474-1A3956D46DE8}") = "Task4", "Task4", "{8C00181B-54DC-4915-BE24-25F29820BF86}"
EndProject
Project("{FAE04EC0-301F-11D3-BF4B-00C04F79EFBC}") = "Tyuiu.KozachokNA.Sprint4.Task4.V20", "Tyuiu.KozachokNA.Sprint4.Task4.V20\Tyuiu.KozachokNA.Sprint4.Task4.V20.csproj", "{F51B0713-D055-45E1-BD1C-B8A75ACC2EAC}"
EndProject
Project("{2150E333-8FDC-42A3-9474-1A3956D46DE8}") = "Task 5", "Task 5", "{DDD9A7C6-3F3E-4494-83FA-CA7D3CE6D208}"
EndProject
Project("{FAE04EC0-301F-11D3-BF4B-00C04F79EFBC}") = "Tyuiu.KozachokNA.Sprint4.Task5.V17", "Tyuiu.KozachokNA.Sprint4.Task5.V17\Tyuiu.KozachokNA.Sprint4.Task5.V17.csproj", "{AD37673D-42E8-4926-8F9E-404DE4FAB889}"
EndProject
Project("{2150E333-8FDC-42A3-9474-1A3956D46DE8}") = "Task6", "Task6", "{61B73981-E636-4257-98F2-EEF0FDAAD815}"
EndProject
Project("{FAE04EC0-301F-11D3-BF4B-00C04F79EFBC}") = "Tyuiu.KozachokNA.Sprint4.Task6.V18", "Tyuiu.KozachokNA.Sprint4.Task6.V18\Tyuiu.KozachokNA.Sprint4.Task6.V18.csproj", "{9B1B17AA-4C64-4DA9-AB0F-66EC2369D983}"
EndProject
Global
	GlobalSection(SolutionConfigurationPlatforms) = preSolution
		Debug|Any CPU = Debug|Any CPU
		Release|Any CPU = Release|Any CPU
	EndGlobalSection
	GlobalSection(ProjectConfigurationPlatforms) = postSolution
		{BFFE595D-9679-4DB2-96C1-765903BA6014}.Debug|Any CPU.ActiveCfg = Debug|Any CPU
		{BFFE595D-9679-4DB2-96C1-765903BA6014}.Debug|Any CPU.Build.0 = Debug|Any CPU
		{BFFE595D-9679-4DB2-96C1-765903BA6014}.Release|Any CPU.ActiveCfg = Release|Any CPU
		{BFFE595D-9679-4DB2-96C1-765903BA6014}.Release|Any CPU.Build.0 = Release|Any CPU
		{057D3F7F-0347-4974-8305-0372EC97297A}.Debug|Any CPU.ActiveCfg = Debug|Any CPU
		{057D3F7F-0347-4974-8305-0372EC97297A}.Debug|Any CPU.Build.0 = Debug|Any CPU
		{057D3F7F-0347-4974-8305-0372EC97297A}.Release|Any CPU.ActiveCfg = Release|Any CPU
		{057D3F7F-0347-4974-8305-0372EC97297A}.Release|Any CPU.Build.0 = Release|Any CPU
		{5858ADDF-F92D-4FFF-B47D-2F8C22E136E8}.Debug|Any CPU.ActiveCfg = Debug|Any CPU
		{5858ADDF-F92D-4FFF-B47D-2F8C22E136E8}.Debug|Any CPU.Build.0 = Debug|Any CPU
		{5858ADDF-F92D-4FFF-B47D-2F8C22E136E8}.Release|Any CPU.ActiveCfg = Release|Any CPU
		{5858ADDF-F92D-4FFF-B47D-2F8C22E136E8}.Release|Any CPU.Build.0 = Release|Any CPU
		{243EBBA5-C10E-4CA1-83D1-956AB12B1669}.Debug|Any CPU.ActiveCfg = Debug|Any CPU
		{243EBBA5-C10E-4CA1-83D1-956AB12B1669}.Debug|Any CPU.Build.0 = Debug|Any CPU
		{243EBBA5-C10E-4CA1-83D1-956AB12B1669}.Release|Any CPU.ActiveCfg = Release|Any CPU
		{243EBBA5-C10E-4CA1-83D1-956AB12B1669}.Release|Any CPU.Build.0 = Release|Any CPU
		{84704F4B-9730-46D4-8752-0DF9C5CABF07}.Debug|Any CPU.ActiveCfg = Debug|Any CPU
		{84704F4B-9730-46D4-8752-0DF9C5CABF07}.Debug|Any CPU.Build.0 = Debug|Any CPU
		{84704F4B-9730-46D4-8752-0DF9C5CABF07}.Release|Any CPU.ActiveCfg = Release|Any CPU
		{84704F4B-9730-46D4-8752-0DF9C5CABF07}.Release|Any CPU.Build.0 = Release|Any CPU
		{F51B0713-D055-45E1-BD1C-B8A75ACC2EAC}.Debug|Any CPU.ActiveCfg = Debug|Any CPU
		{F51B0713-D055-45E1-BD1C-B8A75ACC2EAC}.Debug|Any CPU.Build.0 = Debug|Any CPU
		{F51B0713-D055-45E1-BD1C-B8A75ACC2EAC}.Release|Any CPU.ActiveCfg = Release|Any CPU
		{F51B0713-D055-45E1-BD1C-B8A75ACC2EAC}.Release|Any CPU.Build.0 = Release|Any CPU
		{AD37673D-42E8-4926-8F9E-404DE4FAB889}.Debug|Any CPU.ActiveCfg = Debug|Any CPU
		{AD37673D-42E8-4926-8F9E-404DE4FAB889}.Debug|Any CPU.Build.0 = Debug|Any CPU
		{AD37673D-42E8-4926-8F9E-404DE4FAB889}.Release|Any CPU.ActiveCfg = Release|Any CPU
		{AD37673D-42E8-4926-8F9E-404DE4FAB889}.Release|Any CPU.Build.0 = Release|Any CPU
		{9B1B17AA-4C64-4DA9-AB0F-66EC2369D983}.Debug|Any CPU.ActiveCfg = Debug|Any CPU
		{9B1B17AA-4C64-4DA9-AB0F-66EC2369D983}.Debug|Any CPU.Build.0 = Debug|Any CPU
		{9B1B17AA-4C64-4DA9-AB0F-66EC2369D983}.Release|Any CPU.ActiveCfg = Release|Any CPU
		{9B1B17AA-4C64-4DA9-AB0F-66EC2369D983}.Release|Any CPU.Build.0 = Release|Any CPU
	EndGlobalSection
	GlobalSection(SolutionProperties) = preSolution
		HideSolutionNode = FALSE
	EndGlobalSection
	GlobalSection(NestedProjects) = preSolution
		{BFFE595D-9679-4DB2-96C1-765903BA6014} = {D6A7E36B-451E-47AC-BF4A-03C49409A623}
		{057D3F7F-0347-4974-8305-0372EC97297A} = {95882350-701C-471C-9361-A514DE0AE09F}
		{5858ADDF-F92D-4FFF-B47D-2F8C22E136E8} = {14ECD582-F562-42C0-A23E-8B7E37797A39}
		{243EBBA5-C10E-4CA1-83D1-956AB12B1669} = {7DF60725-1BAE-40E1-88BF-4DAF97E944BF}
		{84704F4B-9730-46D4-8752-0DF9C5CABF07} = {F0296753-2570-4E14-AA47-22EE83D66E8A}
		{F51B0713-D055-45E1-BD1C-B8A75ACC2EAC} = {8C00181B-54DC-4915-BE24-25F29820BF86}
		{AD37673D-42E8-4926-8F9E-404DE4FAB889} = {DDD9A7C6-3F3E-4494-83FA-CA7D3CE6D208}
		{9B1B17AA-4C64-4DA9-AB0F-66EC2369D983} = {61B73981-E636-4257-98F2-EEF0FDAAD815}
	EndGlobalSection
	GlobalSection(ExtensibilityGlobals) = postSolution
		SolutionGuid = {1B4BE01C-3CD8-4696-9309-84EC2611F8CC}
	EndGlobalSection
EndGlobal
